
Microsoft Visual Studio Solution File, Format Version 12.00
# Visual Studio 2013
VisualStudioVersion = 12.0.31101.0
MinimumVisualStudioVersion = 10.0.40219.1
Project("{FAE04EC0-301F-11D3-BF4B-00C04F79EFBC}") = "SumOfNumbers", "SumOfNumbers\SumOfNumbers.csproj", "{281BAFCB-8298-4351-B4F8-AE594EF04CBC}"
EndProject
Global
	GlobalSection(SolutionConfigurationPlatforms) = preSolution
		Debug|Any CPU = Debug|Any CPU
		Release|Any CPU = Release|Any CPU
	EndGlobalSection
	GlobalSection(ProjectConfigurationPlatforms) = postSolution
		{281BAFCB-8298-4351-B4F8-AE594EF04CBC}.Debug|Any CPU.ActiveCfg = Debug|Any CPU
		{281BAFCB-8298-4351-B4F8-AE594EF04CBC}.Debug|Any CPU.Build.0 = Debug|Any CPU
		{281BAFCB-8298-4351-B4F8-AE594EF04CBC}.Release|Any CPU.ActiveCfg = Release|Any CPU
		{281BAFCB-8298-4351-B4F8-AE594EF04CBC}.Release|Any CPU.Build.0 = Release|Any CPU
	EndGlobalSection
	GlobalSection(SolutionProperties) = preSolution
		HideSolutionNode = FALSE
	EndGlobalSection
EndGlobal
