
Microsoft Visual Studio Solution File, Format Version 12.00
# Visual Studio 2013
VisualStudioVersion = 12.0.31101.0
MinimumVisualStudioVersion = 10.0.40219.1
Project("{FAE04EC0-301F-11D3-BF4B-00C04F79EFBC}") = "Sumof3Numbers", "Sumof3Numbers\Sumof3Numbers.csproj", "{8DB61AA3-FEDC-4374-9A0E-C9AC45F1C3A1}"
EndProject
Global
	GlobalSection(SolutionConfigurationPlatforms) = preSolution
		Debug|Any CPU = Debug|Any CPU
		Release|Any CPU = Release|Any CPU
	EndGlobalSection
	GlobalSection(ProjectConfigurationPlatforms) = postSolution
		{8DB61AA3-FEDC-4374-9A0E-C9AC45F1C3A1}.Debug|Any CPU.ActiveCfg = Debug|Any CPU
		{8DB61AA3-FEDC-4374-9A0E-C9AC45F1C3A1}.Debug|Any CPU.Build.0 = Debug|Any CPU
		{8DB61AA3-FEDC-4374-9A0E-C9AC45F1C3A1}.Release|Any CPU.ActiveCfg = Release|Any CPU
		{8DB61AA3-FEDC-4374-9A0E-C9AC45F1C3A1}.Release|Any CPU.Build.0 = Release|Any CPU
	EndGlobalSection
	GlobalSection(SolutionProperties) = preSolution
		HideSolutionNode = FALSE
	EndGlobalSection
EndGlobal
